lockfileVersion: '6.0'

settings:
  autoInstallPeers: true
  excludeLinksFromLockfile: false

dependencies:
  '@trigger.dev/nextjs':
    specifier: ^2.2.0
    version: 2.2.0(@trigger.dev/sdk@2.2.0)(next@13.5.6)
  '@trigger.dev/react':
    specifier: ^2.2.0
    version: 2.2.0(react-dom@18.0.0)(react@18.0.0)
  '@trigger.dev/sdk':
    specifier: ^2.2.0
    version: 2.2.0
  next:
    specifier: 13.5.6
    version: 13.5.6(react-dom@18.0.0)(react@18.0.0)
  react:
    specifier: ^18
    version: 18.0.0
  react-dom:
    specifier: ^18
    version: 18.0.0(react@18.0.0)

devDependencies:
  '@types/node':
    specifier: ^20
    version: 20.0.0
  '@types/react':
    specifier: ^18
    version: 18.0.0
  '@types/react-dom':
    specifier: ^18
    version: 18.0.0
  typescript:
    specifier: ^5
    version: 5.0.2

packages:

  /@next/env@13.5.6:
    resolution: {integrity: sha512-Yac/bV5sBGkkEXmAX5FWPS9Mmo2rthrOPRQQNfycJPkjUAUclomCPH7QFVCDQ4Mp2k2K1SSM6m0zrxYrOwtFQw==}
    dev: false

  /@next/swc-darwin-arm64@13.5.6:
    resolution: {integrity: sha512-5nvXMzKtZfvcu4BhtV0KH1oGv4XEW+B+jOfmBdpFI3C7FrB/MfujRpWYSBBO64+qbW8pkZiSyQv9eiwnn5VIQA==}
    engines: {node: '>= 10'}
    cpu: [arm64]
    os: [darwin]
    requiresBuild: true
    dev: false
    optional: true

  /@next/swc-darwin-x64@13.5.6:
    resolution: {integrity: sha512-6cgBfxg98oOCSr4BckWjLLgiVwlL3vlLj8hXg2b+nDgm4bC/qVXXLfpLB9FHdoDu4057hzywbxKvmYGmi7yUzA==}
    engines: {node: '>= 10'}
    cpu: [x64]
    os: [darwin]
    requiresBuild: true
    dev: false
    optional: true

  /@next/swc-linux-arm64-gnu@13.5.6:
    resolution: {integrity: sha512-txagBbj1e1w47YQjcKgSU4rRVQ7uF29YpnlHV5xuVUsgCUf2FmyfJ3CPjZUvpIeXCJAoMCFAoGnbtX86BK7+sg==}
    engines: {node: '>= 10'}
    cpu: [arm64]
    os: [linux]
    requiresBuild: true
    dev: false
    optional: true

  /@next/swc-linux-arm64-musl@13.5.6:
    resolution: {integrity: sha512-cGd+H8amifT86ZldVJtAKDxUqeFyLWW+v2NlBULnLAdWsiuuN8TuhVBt8ZNpCqcAuoruoSWynvMWixTFcroq+Q==}
    engines: {node: '>= 10'}
    cpu: [arm64]
    os: [linux]
    requiresBuild: true
    dev: false
    optional: true

  /@next/swc-linux-x64-gnu@13.5.6:
    resolution: {integrity: sha512-Mc2b4xiIWKXIhBy2NBTwOxGD3nHLmq4keFk+d4/WL5fMsB8XdJRdtUlL87SqVCTSaf1BRuQQf1HvXZcy+rq3Nw==}
    engines: {node: '>= 10'}
    cpu: [x64]
    os: [linux]
    requiresBuild: true
    dev: false
    optional: true

  /@next/swc-linux-x64-musl@13.5.6:
    resolution: {integrity: sha512-CFHvP9Qz98NruJiUnCe61O6GveKKHpJLloXbDSWRhqhkJdZD2zU5hG+gtVJR//tyW897izuHpM6Gtf6+sNgJPQ==}
    engines: {node: '>= 10'}
    cpu: [x64]
    os: [linux]
    requiresBuild: true
    dev: false
    optional: true

  /@next/swc-win32-arm64-msvc@13.5.6:
    resolution: {integrity: sha512-aFv1ejfkbS7PUa1qVPwzDHjQWQtknzAZWGTKYIAaS4NMtBlk3VyA6AYn593pqNanlicewqyl2jUhQAaFV/qXsg==}
    engines: {node: '>= 10'}
    cpu: [arm64]
    os: [win32]
    requiresBuild: true
    dev: false
    optional: true

  /@next/swc-win32-ia32-msvc@13.5.6:
    resolution: {integrity: sha512-XqqpHgEIlBHvzwG8sp/JXMFkLAfGLqkbVsyN+/Ih1mR8INb6YCc2x/Mbwi6hsAgUnqQztz8cvEbHJUbSl7RHDg==}
    engines: {node: '>= 10'}
    cpu: [ia32]
    os: [win32]
    requiresBuild: true
    dev: false
    optional: true

  /@next/swc-win32-x64-msvc@13.5.6:
    resolution: {integrity: sha512-Cqfe1YmOS7k+5mGu92nl5ULkzpKuxJrP3+4AEuPmrpFZ3BHxTY3TnHmU1On3bFmFFs6FbTcdF58CCUProGpIGQ==}
    engines: {node: '>= 10'}
    cpu: [x64]
    os: [win32]
    requiresBuild: true
    dev: false
    optional: true

  /@swc/helpers@0.5.2:
    resolution: {integrity: sha512-E4KcWTpoLHqwPHLxidpOqQbcrZVgi0rsmmZXUle1jXmJfuIf/UWpczUJ7MZZ5tlxytgJXyp0w4PGkkeLiuIdZw==}
    dependencies:
      tslib: 2.6.2
    dev: false

  /@tanstack/query-core@5.0.0-beta.0:
    resolution: {integrity: sha512-VGq/H3PuRoj0shOcg1S5Flv3YD2qNz2ttk8w5xe5AHQE1I8NO9EHSBUxezIpk4dD6M7bQDtwHBMqqU2EwMwyUw==}
    dev: false

  /@tanstack/react-query@5.0.0-beta.2(react-dom@18.0.0)(react@18.0.0):
    resolution: {integrity: sha512-JdK1HRw20tuwg3GfT3QZTkuS7s2KDa9FeozuJ7jZULlwPczZagouqYmM6+PL0ad6jfCnw8NzmLFtZdlBx6cTmA==}
    peerDependencies:
      react: ^18.0.0
      react-dom: ^18.0.0
      react-native: '*'
    peerDependenciesMeta:
      react-dom:
        optional: true
      react-native:
        optional: true
    dependencies:
      '@tanstack/query-core': 5.0.0-beta.0
      client-only: 0.0.1
      react: 18.0.0
      react-dom: 18.0.0(react@18.0.0)
    dev: false

  /@trigger.dev/core@2.2.0:
    resolution: {integrity: sha512-BtPnNt5rd4i92jthM6CVRgZ31qWyyzXAaicrvs6Xmk0MRasrbyvSU9g4FmUTcM+9ne1UiZ3Mh38y0hLMGfrCGQ==}
    engines: {node: '>=18.0.0'}
    dependencies:
      ulid: 2.3.0
      zod: 3.22.3
      zod-error: 1.5.0
    dev: false

  /@trigger.dev/nextjs@2.2.0(@trigger.dev/sdk@2.2.0)(next@13.5.6):
    resolution: {integrity: sha512-2djyu03AyF/XT8e3MHegA4DiUxWoEocGht9hcGTON0DxsCJegrQwjPcQ79sZ1uxP53I7m88raD6vLQjJKZ8PQw==}
    engines: {node: '>=18.0.0'}
    peerDependencies:
      '@trigger.dev/sdk': ^2.2.0
      next: '>=12.0.0 <14.0.0'
    dependencies:
      '@trigger.dev/sdk': 2.2.0
      debug: 4.3.4
      next: 13.5.6(react-dom@18.0.0)(react@18.0.0)
    transitivePeerDependencies:
      - supports-color
    dev: false

  /@trigger.dev/react@2.2.0(react-dom@18.0.0)(react@18.0.0):
    resolution: {integrity: sha512-sp2p+PYM5DRmzFOla0sYUoptxVu1X7qpN0nqUU2VcumWHtf2JjA4rhkHIxmgP7vs84itruiTX+SOR2SmtHWODQ==}
    peerDependencies:
      react: ^16.8.0 || ^17.0.0 || ^18
    dependencies:
      '@tanstack/react-query': 5.0.0-beta.2(react-dom@18.0.0)(react@18.0.0)
      '@trigger.dev/core': 2.2.0
      debug: 4.3.4
      react: 18.0.0
      zod: 3.22.3
    transitivePeerDependencies:
      - react-dom
      - react-native
      - supports-color
    dev: false

  /@trigger.dev/sdk@2.2.0:
    resolution: {integrity: sha512-gyRly4mGVMwdH3lrVBXDxTFf1b3GKj7BOGg/xUQh/hV7iFJLCo4Vf0K+2CL/R8YUA3kFZCsFJfVUOqwaYwX0Eg==}
    engines: {node: '>=18.0.0'}
    dependencies:
      '@trigger.dev/core': 2.2.0
      chalk: 5.3.0
      cronstrue: 2.32.0
      debug: 4.3.4
      evt: 2.5.3
      get-caller-file: 2.0.5
      git-remote-origin-url: 4.0.0
      git-repo-info: 2.1.1
      slug: 6.1.0
      terminal-link: 3.0.0
      ulid: 2.3.0
      uuid: 9.0.1
      ws: 8.14.2
      zod: 3.22.3
    transitivePeerDependencies:
      - bufferutil
      - supports-color
      - utf-8-validate
    dev: false

  /@types/node@20.0.0:
    resolution: {integrity: sha512-cD2uPTDnQQCVpmRefonO98/PPijuOnnEy5oytWJFPY1N9aJCz2wJ5kSGWO+zJoed2cY2JxQh6yBuUq4vIn61hw==}
    dev: true

  /@types/prop-types@15.7.9:
    resolution: {integrity: sha512-n1yyPsugYNSmHgxDFjicaI2+gCNjsBck8UX9kuofAKlc0h1bL+20oSF72KeNaW2DUlesbEVCFgyV2dPGTiY42g==}
    dev: true

  /@types/react-dom@18.0.0:
    resolution: {integrity: sha512-49897Y0UiCGmxZqpC8Blrf6meL8QUla6eb+BBhn69dTXlmuOlzkfr7HHY/O8J25e1lTUMs+YYxSlVDAaGHCOLg==}
    dependencies:
      '@types/react': 18.0.0
    dev: true

  /@types/react@18.0.0:
    resolution: {integrity: sha512-7+K7zEQYu7NzOwQGLR91KwWXXDzmTFODRVizJyIALf6RfLv2GDpqpknX64pvRVILXCpXi7O/pua8NGk44dLvJw==}
    dependencies:
      '@types/prop-types': 15.7.9
      '@types/scheduler': 0.16.5
      csstype: 3.1.2
    dev: true

  /@types/scheduler@0.16.5:
    resolution: {integrity: sha512-s/FPdYRmZR8SjLWGMCuax7r3qCWQw9QKHzXVukAuuIJkXkDRwp+Pu5LMIVFi0Fxbav35WURicYr8u1QsoybnQw==}
    dev: true

  /ansi-escapes@5.0.0:
    resolution: {integrity: sha512-5GFMVX8HqE/TB+FuBJGuO5XG0WrsA6ptUqoODaT/n9mmUaZFkqnBueB4leqGBCmrUHnCnC4PCZTCd0E7QQ83bA==}
    engines: {node: '>=12'}
    dependencies:
      type-fest: 1.4.0
    dev: false

  /busboy@1.6.0:
    resolution: {integrity: sha512-8SFQbg/0hQ9xy3UNTB0YEnsNBbWfhf7RtnzpL7TkBiTBRfrQ9Fxcnz7VJsleJpyp6rVLvXiuORqjlHi5q+PYuA==}
    engines: {node: '>=10.16.0'}
    dependencies:
      streamsearch: 1.1.0
    dev: false

  /caniuse-lite@1.0.30001553:
    resolution: {integrity: sha512-N0ttd6TrFfuqKNi+pMgWJTb9qrdJu4JSpgPFLe/lrD19ugC6fZgF0pUewRowDwzdDnb9V41mFcdlYgl/PyKf4A==}
    dev: false

  /chalk@5.3.0:
    resolution: {integrity: sha512-dLitG79d+GV1Nb/VYcCDFivJeK1hiukt9QjRNVOsUtTy1rR1YJsmpGGTZ3qJos+uw7WmWF4wUwBd9jxjocFC2w==}
    engines: {node: ^12.17.0 || ^14.13 || >=16.0.0}
    dev: false

  /client-only@0.0.1:
    resolution: {integrity: sha512-IV3Ou0jSMzZrd3pZ48nLkT9DA7Ag1pnPzaiQhpW7c3RbcqqzvzzVu+L8gfqMp/8IM2MQtSiqaCxrrcfu8I8rMA==}
    dev: false

  /cronstrue@2.32.0:
    resolution: {integrity: sha512-dmNflOCNJL6lZEj0dp2YhGIPY83VTjFue6d9feFhnNtrER6mAjBrUvSgK95j3IB/xNGpLjaZDIDG6ACKTZr9Yw==}
    hasBin: true
    dev: false

  /csstype@3.1.2:
    resolution: {integrity: sha512-I7K1Uu0MBPzaFKg4nI5Q7Vs2t+3gWWW648spaF+Rg7pI9ds18Ugn+lvg4SHczUdKlHI5LWBXyqfS8+DufyBsgQ==}
    dev: true

  /debug@4.3.4:
    resolution: {integrity: sha512-PRWFHuSU3eDtQJPvnNY7Jcket1j0t5OuOsFzPPzsekD52Zl8qUfFIPEiswXqIvHWGVHOgX+7G/vCNNhehwxfkQ==}
    engines: {node: '>=6.0'}
    peerDependencies:
      supports-color: '*'
    peerDependenciesMeta:
      supports-color:
        optional: true
    dependencies:
      ms: 2.1.2
    dev: false

  /evt@2.5.3:
    resolution: {integrity: sha512-wZKx0JgXaTOVOXI2saNVxINU6VToOHDowMwb3NRcU6l+C59eW3w9dZgNxjokiM8rvMgc7/11yFG0cSDxn4qxgA==}
    dependencies:
      minimal-polyfills: 2.2.3
      run-exclusive: 2.2.19
      tsafe: 1.6.5
    dev: false

  /get-caller-file@2.0.5:
    resolution: {integrity: sha512-DyFP3BM/3YHTQOCUL/w0OZHR0lpKeGrxotcHWcqNEdnltqFwXVfhEBQ94eIo34AfQpo0rGki4cyIiftY06h2Fg==}
    engines: {node: 6.* || 8.* || >= 10.*}
    dev: false

  /git-remote-origin-url@4.0.0:
    resolution: {integrity: sha512-EAxDksNdjuWgmVW9pVvA9jQDi/dmTaiDONktIy7qiRRhBZUI4FQK1YvBvteuTSX24aNKg9lfgxNYJEeeSXe6DA==}
    engines: {node: ^12.20.0 || ^14.13.1 || >=16.0.0}
    dependencies:
      gitconfiglocal: 2.1.0
    dev: false

  /git-repo-info@2.1.1:
    resolution: {integrity: sha512-8aCohiDo4jwjOwma4FmYFd3i97urZulL8XL24nIPxuE+GZnfsAyy/g2Shqx6OjUiFKUXZM+Yy+KHnOmmA3FVcg==}
    engines: {node: '>= 4.0'}
    dev: false

  /gitconfiglocal@2.1.0:
    resolution: {integrity: sha512-qoerOEliJn3z+Zyn1HW2F6eoYJqKwS6MgC9cztTLUB/xLWX8gD/6T60pKn4+t/d6tP7JlybI7Z3z+I572CR/Vg==}
    dependencies:
      ini: 1.3.8
    dev: false

  /glob-to-regexp@0.4.1:
    resolution: {integrity: sha512-lkX1HJXwyMcprw/5YUZc2s7DrpAiHB21/V+E1rHUrVNokkvB6bqMzT0VfV6/86ZNabt1k14YOIaT7nDvOX3Iiw==}
    dev: false

  /graceful-fs@4.2.11:
    resolution: {integrity: sha512-RbJ5/jmFcNNCcDV5o9eTnBLJ/HszWV0P73bc+Ff4nS/rJj+YaS6IGyiOL0VoBYX+l1Wrl3k63h/KrH+nhJ0XvQ==}
    dev: false

  /has-flag@4.0.0:
    resolution: {integrity: sha512-EykJT/Q1KjTWctppgIAgfSO0tKVuZUjhgMr17kqTumMl6Afv3EISleU7qZUzoXDFTAHTDC4NOoG/ZxU3EvlMPQ==}
    engines: {node: '>=8'}
    dev: false

  /ini@1.3.8:
    resolution: {integrity: sha512-JV/yugV2uzW5iMRSiZAyDtQd+nxtUnjeLt0acNdw98kKLrvuRVyB80tsREOE7yvGVgalhZ6RNXCmEHkUKBKxew==}
    dev: false

  /js-tokens@4.0.0:
    resolution: {integrity: sha512-RdJUflcE3cUzKiMqQgsCu06FPu9UdIJO0beYbPhHN4k6apgJtifcoCtT9bcxOpYBtpD2kCM6Sbzg4CausW/PKQ==}
    dev: false

  /loose-envify@1.4.0:
    resolution: {integrity: sha512-lyuxPGr/Wfhrlem2CL/UcnUc1zcqKAImBDzukY7Y5F/yQiNdko6+fRLevlw1HgMySw7f611UIY408EtxRSoK3Q==}
    hasBin: true
    dependencies:
      js-tokens: 4.0.0
    dev: false

  /minimal-polyfills@2.2.3:
    resolution: {integrity: sha512-oxdmJ9cL+xV72h0xYxp4tP2d5/fTBpP45H8DIOn9pASuF8a3IYTf+25fMGDYGiWW+MFsuog6KD6nfmhZJQ+uUw==}
    dev: false

  /ms@2.1.2:
    resolution: {integrity: sha512-sGkPx+VjMtmA6MX27oA4FBFELFCZZ4S4XqeGOXCv68tT+jb3vk/RyaKWP0PTKyWtmLSM0b+adUTEvbs1PEaH2w==}
    dev: false

  /nanoid@3.3.6:
    resolution: {integrity: sha512-BGcqMMJuToF7i1rt+2PWSNVnWIkGCU78jBG3RxO/bZlnZPK2Cmi2QaffxGO/2RvWi9sL+FAiRiXMgsyxQ1DIDA==}
    engines: {node: ^10 || ^12 || ^13.7 || ^14 || >=15.0.1}
    hasBin: true
    dev: false

  /next@13.5.6(react-dom@18.0.0)(react@18.0.0):
    resolution: {integrity: sha512-Y2wTcTbO4WwEsVb4A8VSnOsG1I9ok+h74q0ZdxkwM3EODqrs4pasq7O0iUxbcS9VtWMicG7f3+HAj0r1+NtKSw==}
    engines: {node: '>=16.14.0'}
    hasBin: true
    peerDependencies:
      '@opentelemetry/api': ^1.1.0
      react: ^18.2.0
      react-dom: ^18.2.0
      sass: ^1.3.0
    peerDependenciesMeta:
      '@opentelemetry/api':
        optional: true
      sass:
        optional: true
    dependencies:
      '@next/env': 13.5.6
      '@swc/helpers': 0.5.2
      busboy: 1.6.0
      caniuse-lite: 1.0.30001553
      postcss: 8.4.31
      react: 18.0.0
      react-dom: 18.0.0(react@18.0.0)
      styled-jsx: 5.1.1(react@18.0.0)
      watchpack: 2.4.0
    optionalDependencies:
      '@next/swc-darwin-arm64': 13.5.6
      '@next/swc-darwin-x64': 13.5.6
      '@next/swc-linux-arm64-gnu': 13.5.6
      '@next/swc-linux-arm64-musl': 13.5.6
      '@next/swc-linux-x64-gnu': 13.5.6
      '@next/swc-linux-x64-musl': 13.5.6
      '@next/swc-win32-arm64-msvc': 13.5.6
      '@next/swc-win32-ia32-msvc': 13.5.6
      '@next/swc-win32-x64-msvc': 13.5.6
    transitivePeerDependencies:
      - '@babel/core'
      - babel-plugin-macros
    dev: false

  /picocolors@1.0.0:
    resolution: {integrity: sha512-1fygroTLlHu66zi26VoTDv8yRgm0Fccecssto+MhsZ0D/DGW2sm8E8AjW7NU5VVTRt5GxbeZ5qBuJr+HyLYkjQ==}
    dev: false

  /postcss@8.4.31:
    resolution: {integrity: sha512-PS08Iboia9mts/2ygV3eLpY5ghnUcfLV/EXTOW1E2qYxJKGGBUtNjN76FYHnMs36RmARn41bC0AZmn+rR0OVpQ==}
    engines: {node: ^10 || ^12 || >=14}
    dependencies:
      nanoid: 3.3.6
      picocolors: 1.0.0
      source-map-js: 1.0.2
    dev: false

  /react-dom@18.0.0(react@18.0.0):
    resolution: {integrity: sha512-XqX7uzmFo0pUceWFCt7Gff6IyIMzFUn7QMZrbrQfGxtaxXZIcGQzoNpRLE3fQLnS4XzLLPMZX2T9TRcSrasicw==}
    peerDependencies:
      react: ^18.0.0
    dependencies:
      loose-envify: 1.4.0
      react: 18.0.0
      scheduler: 0.21.0
    dev: false

  /react@18.0.0:
    resolution: {integrity: sha512-x+VL6wbT4JRVPm7EGxXhZ8w8LTROaxPXOqhlGyVSrv0sB1jkyFGgXxJ8LVoPRLvPR6/CIZGFmfzqUa2NYeMr2A==}
    engines: {node: '>=0.10.0'}
    dependencies:
      loose-envify: 1.4.0
    dev: false

  /run-exclusive@2.2.19:
    resolution: {integrity: sha512-K3mdoAi7tjJ/qT7Flj90L7QyPozwUaAG+CVhkdDje4HLKXUYC3N/Jzkau3flHVDLQVhiHBtcimVodMjN9egYbA==}
    dependencies:
      minimal-polyfills: 2.2.3
    dev: false

  /scheduler@0.21.0:
    resolution: {integrity: sha512-1r87x5fz9MXqswA2ERLo0EbOAU74DpIUO090gIasYTqlVoJeMcl+Z1Rg7WHz+qtPujhS/hGIt9kxZOYBV3faRQ==}
    dependencies:
      loose-envify: 1.4.0
    dev: false

  /slug@6.1.0:
    resolution: {integrity: sha512-x6vLHCMasg4DR2LPiyFGI0gJJhywY6DTiGhCrOMzb3SOk/0JVLIaL4UhyFSHu04SD3uAavrKY/K3zZ3i6iRcgA==}
    dev: false

  /source-map-js@1.0.2:
    resolution: {integrity: sha512-R0XvVJ9WusLiqTCEiGCmICCMplcCkIwwR11mOSD9CR5u+IXYdiseeEuXCVAjS54zqwkLcPNnmU4OeJ6tUrWhDw==}
    engines: {node: '>=0.10.0'}
    dev: false

  /streamsearch@1.1.0:
    resolution: {integrity: sha512-Mcc5wHehp9aXz1ax6bZUyY5afg9u2rv5cqQI3mRrYkGC8rW2hM02jWuwjtL++LS5qinSyhj2QfLyNsuc+VsExg==}
    engines: {node: '>=10.0.0'}
    dev: false

  /styled-jsx@5.1.1(react@18.0.0):
    resolution: {integrity: sha512-pW7uC1l4mBZ8ugbiZrcIsiIvVx1UmTfw7UkC3Um2tmfUq9Bhk8IiyEIPl6F8agHgjzku6j0xQEZbfA5uSgSaCw==}
    engines: {node: '>= 12.0.0'}
    peerDependencies:
      '@babel/core': '*'
      babel-plugin-macros: '*'
      react: '>= 16.8.0 || 17.x.x || ^18.0.0-0'
    peerDependenciesMeta:
      '@babel/core':
        optional: true
      babel-plugin-macros:
        optional: true
    dependencies:
      client-only: 0.0.1
      react: 18.0.0
    dev: false

  /supports-color@7.2.0:
    resolution: {integrity: sha512-qpCAvRl9stuOHveKsn7HncJRvv501qIacKzQlO/+Lwxc9+0q2wLyv4Dfvt80/DPn2pqOBsJdDiogXGR9+OvwRw==}
    engines: {node: '>=8'}
    dependencies:
      has-flag: 4.0.0
    dev: false

  /supports-hyperlinks@2.3.0:
    resolution: {integrity: sha512-RpsAZlpWcDwOPQA22aCH4J0t7L8JmAvsCxfOSEwm7cQs3LshN36QaTkwd70DnBOXDWGssw2eUoc8CaRWT0XunA==}
    engines: {node: '>=8'}
    dependencies:
      has-flag: 4.0.0
      supports-color: 7.2.0
    dev: false

  /terminal-link@3.0.0:
    resolution: {integrity: sha512-flFL3m4wuixmf6IfhFJd1YPiLiMuxEc8uHRM1buzIeZPm22Au2pDqBJQgdo7n1WfPU1ONFGv7YDwpFBmHGF6lg==}
    engines: {node: '>=12'}
    dependencies:
      ansi-escapes: 5.0.0
      supports-hyperlinks: 2.3.0
    dev: false

  /tsafe@1.6.5:
    resolution: {integrity: sha512-895zss8xqqHKTc28sHGIfZKnt3C5jrstB1DyPr/h3/flK0zojsZUMQL1/W4ytdDW6KI4Oth62nb9rrxmA3s3Iw==}
    dev: false

  /tslib@2.6.2:
    resolution: {integrity: sha512-AEYxH93jGFPn/a2iVAwW87VuUIkR1FVUKB77NwMF7nBTDkDrrT/Hpt/IrCJ0QXhW27jTBDcf5ZY7w6RiqTMw2Q==}
    dev: false

  /type-fest@1.4.0:
    resolution: {integrity: sha512-yGSza74xk0UG8k+pLh5oeoYirvIiWo5t0/o3zHHAO2tRDiZcxWP7fywNlXhqb6/r6sWvwi+RsyQMWhVLe4BVuA==}
    engines: {node: '>=10'}
    dev: false

  /typescript@5.0.2:
    resolution: {integrity: sha512-wVORMBGO/FAs/++blGNeAVdbNKtIh1rbBL2EyQ1+J9lClJ93KiiKe8PmFIVdXhHcyv44SL9oglmfeSsndo0jRw==}
    engines: {node: '>=12.20'}
    hasBin: true
    dev: true

  /ulid@2.3.0:
    resolution: {integrity: sha512-keqHubrlpvT6G2wH0OEfSW4mquYRcbe/J8NMmveoQOjUqmo+hXtO+ORCpWhdbZ7k72UtY61BL7haGxW6enBnjw==}
    hasBin: true
    dev: false

  /uuid@9.0.1:
    resolution: {integrity: sha512-b+1eJOlsR9K8HJpow9Ok3fiWOWSIcIzXodvv0rQjVoOVNpWMpxf1wZNpt4y9h10odCNrqnYp1OBzRktckBe3sA==}
    hasBin: true
    dev: false

  /watchpack@2.4.0:
    resolution: {integrity: sha512-Lcvm7MGST/4fup+ifyKi2hjyIAwcdI4HRgtvTpIUxBRhB+RFtUh8XtDOxUfctVCnhVi+QQj49i91OyvzkJl6cg==}
    engines: {node: '>=10.13.0'}
    dependencies:
      glob-to-regexp: 0.4.1
      graceful-fs: 4.2.11
    dev: false

  /ws@8.14.2:
    resolution: {integrity: sha512-wEBG1ftX4jcglPxgFCMJmZ2PLtSbJ2Peg6TmpJFTbe9GZYOQCDPdMYu/Tm0/bGZkw8paZnJY45J4K2PZrLYq8g==}
    engines: {node: '>=10.0.0'}
    peerDependencies:
      bufferutil: ^4.0.1
      utf-8-validate: '>=5.0.2'
    peerDependenciesMeta:
      bufferutil:
        optional: true
      utf-8-validate:
        optional: true
    dev: false

  /zod-error@1.5.0:
    resolution: {integrity: sha512-zzopKZ/skI9iXpqCEPj+iLCKl9b88E43ehcU+sbRoHuwGd9F1IDVGQ70TyO6kmfiRL1g4IXkjsXK+g1gLYl4WQ==}
    dependencies:
      zod: 3.22.3
    dev: false

  /zod@3.22.3:
    resolution: {integrity: sha512-EjIevzuJRiRPbVH4mGc8nApb/lVLKVpmUhAaR5R5doKGfAnGJ6Gr3CViAVjP+4FWSxCsybeWQdcgCtbX+7oZug==}
    dev: false
